version = 1
revision = 3
requires-python = ">=3.13"

[[package]]
name = "certifi"
version = "2025.10.5"
source = { registry = "https://pypi.org/simple" }
sdist = { url = "https://files.pythonhosted.org/packages/4c/5b/b6ce21586237c77ce67d01dc5507039d444b630dd76611bbca2d8e5dcd91/certifi-2025.10.5.tar.gz", hash = "sha256:47c09d31ccf2acf0be3f701ea53595ee7e0b8fa08801c6624be771df09ae7b43", size = 164519, upload-time = "2025-10-05T04:12:15.808Z" }
wheels = [
    { url = "https://files.pythonhosted.org/packages/e4/37/af0d2ef3967ac0d6113837b44a4f0bfe1328c2b9763bd5b1744520e5cfed/certifi-2025.10.5-py3-none-any.whl", hash = "sha256:0f212c2744a9bb6de0c56639a6f68afe01ecd92d91f14ae897c4fe7bbeeef0de", size = 163286, upload-time = "2025-10-05T04:12:14.03Z" },
]

[[package]]
name = "charset-normalizer"
version = "3.4.4"
source = { registry = "https://pypi.org/simple" }
sdist = { url = "https://files.pythonhosted.org/packages/13/69/33ddede1939fdd074bce5434295f38fae7136463422fe4fd3e0e89b98062/charset_normalizer-3.4.4.tar.gz", hash = "sha256:94537985111c35f28720e43603b8e7b43a6ecfb2ce1d3058bbe955b73404e21a", size = 129418, upload-time = "2025-10-14T04:42:32.879Z" }
wheels = [
    { url = "https://files.pythonhosted.org/packages/97/45/4b3a1239bbacd321068ea6e7ac28875b03ab8bc0aa0966452db17cd36714/charset_normalizer-3.4.4-cp313-cp313-macosx_10_13_universal2.whl", hash = "sha256:e1f185f86a6f3403aa2420e815904c67b2f9ebc443f045edd0de921108345794", size = 208091, upload-time = "2025-10-14T04:41:13.346Z" },
    { url = "https://files.pythonhosted.org/packages/7d/62/73a6d7450829655a35bb88a88fca7d736f9882a27eacdca2c6d505b57e2e/charset_normalizer-3.4.4-cp313-cp313-manylinux2014_aarch64.manylinux_2_17_aarch64.manylinux_2_28_aarch64.whl", hash = "sha256:6b39f987ae8ccdf0d2642338faf2abb1862340facc796048b604ef14919e55ed", size = 147936, upload-time = "2025-10-14T04:41:14.461Z" },
    { url = "https://files.pythonhosted.org/packages/89/c5/adb8c8b3d6625bef6d88b251bbb0d95f8205831b987631ab0c8bb5d937c2/charset_normalizer-3.4.4-cp313-cp313-manylinux2014_armv7l.manylinux_2_17_armv7l.manylinux_2_31_armv7l.whl", hash = "sha256:3162d5d8ce1bb98dd51af660f2121c55d0fa541b46dff7bb9b9f86ea1d87de72", size = 144180, upload-time = "2025-10-14T04:41:15.588Z" },
    { url = "https://files.pythonhosted.org/packages/91/ed/9706e4070682d1cc219050b6048bfd293ccf67b3d4f5a4f39207453d4b99/charset_normalizer-3.4.4-cp313-cp313-manylinux2014_ppc64le.manylinux_2_17_ppc64le.manylinux_2_28_ppc64le.whl", hash = "sha256:81d5eb2a312700f4ecaa977a8235b634ce853200e828fbadf3a9c50bab278328", size = 161346, upload-time = "2025-10-14T04:41:16.738Z" },
    { url = "https://files.pythonhosted.org/packages/d5/0d/031f0d95e4972901a2f6f09ef055751805ff541511dc1252ba3ca1f80cf5/charset_normalizer-3.4.4-cp313-cp313-manylinux2014_s390x.manylinux_2_17_s390x.manylinux_2_28_s390x.whl", hash = "sha256:5bd2293095d766545ec1a8f612559f6b40abc0eb18bb2f5d1171872d34036ede", size = 158874, upload-time = "2025-10-14T04:41:17.923Z" },
    { url = "https://files.pythonhosted.org/packages/f5/83/6ab5883f57c9c801ce5e5677242328aa45592be8a00644310a008d04f922/charset_normalizer-3.4.4-cp313-cp313-manylinux2014_x86_64.manylinux_2_17_x86_64.manylinux_2_28_x86_64.whl", hash = "sha256:a8a8b89589086a25749f471e6a900d3f662d1d3b6e2e59dcecf787b1cc3a1894", size = 153076, upload-time = "2025-10-14T04:41:19.106Z" },
    { url = "https://files.pythonhosted.org/packages/75/1e/5ff781ddf5260e387d6419959ee89ef13878229732732ee73cdae01800f2/charset_normalizer-3.4.4-cp313-cp313-manylinux_2_31_riscv64.manylinux_2_39_riscv64.whl", hash = "sha256:bc7637e2f80d8530ee4a78e878bce464f70087ce73cf7c1caf142416923b98f1", size = 150601, upload-time = "2025-10-14T04:41:20.245Z" },
    { url = "https://files.pythonhosted.org/packages/d7/57/71be810965493d3510a6ca79b90c19e48696fb1ff964da319334b12677f0/charset_normalizer-3.4.4-cp313-cp313-musllinux_1_2_aarch64.whl", hash = "sha256:f8bf04158c6b607d747e93949aa60618b61312fe647a6369f88ce2ff16043490", size = 150376, upload-time = "2025-10-14T04:41:21.398Z" },
    { url = "https://files.pythonhosted.org/packages/e5/d5/c3d057a78c181d007014feb7e9f2e65905a6c4ef182c0ddf0de2924edd65/charset_normalizer-3.4.4-cp313-cp313-musllinux_1_2_armv7l.whl", hash = "sha256:554af85e960429cf30784dd47447d5125aaa3b99a6f0683589dbd27e2f45da44", size = 144825, upload-time = "2025-10-14T04:41:22.583Z" },
    { url = "https://files.pythonhosted.org/packages/e6/8c/d0406294828d4976f275ffbe66f00266c4b3136b7506941d87c00cab5272/charset_normalizer-3.4.4-cp313-cp313-musllinux_1_2_ppc64le.whl", hash = "sha256:74018750915ee7ad843a774364e13a3db91682f26142baddf775342c3f5b1133", size = 162583, upload-time = "2025-10-14T04:41:23.754Z" },
    { url = "https://files.pythonhosted.org/packages/d7/24/e2aa1f18c8f15c4c0e932d9287b8609dd30ad56dbe41d926bd846e22fb8d/charset_normalizer-3.4.4-cp313-cp313-musllinux_1_2_riscv64.whl", hash = "sha256:c0463276121fdee9c49b98908b3a89c39be45d86d1dbaa22957e38f6321d4ce3", size = 150366, upload-time = "2025-10-14T04:41:25.27Z" },
    { url = "https://files.pythonhosted.org/packages/e4/5b/1e6160c7739aad1e2df054300cc618b06bf784a7a164b0f238360721ab86/charset_normalizer-3.4.4-cp313-cp313-musllinux_1_2_s390x.whl", hash = "sha256:362d61fd13843997c1c446760ef36f240cf81d3ebf74ac62652aebaf7838561e", size = 160300, upload-time = "2025-10-14T04:41:26.725Z" },
    { url = "https://files.pythonhosted.org/packages/7a/10/f882167cd207fbdd743e55534d5d9620e095089d176d55cb22d5322f2afd/charset_normalizer-3.4.4-cp313-cp313-musllinux_1_2_x86_64.whl", hash = "sha256:9a26f18905b8dd5d685d6d07b0cdf98a79f3c7a918906af7cc143ea2e164c8bc", size = 154465, upload-time = "2025-10-14T04:41:28.322Z" },
    { url = "https://files.pythonhosted.org/packages/89/66/c7a9e1b7429be72123441bfdbaf2bc13faab3f90b933f664db506dea5915/charset_normalizer-3.4.4-cp313-cp313-win32.whl", hash = "sha256:9b35f4c90079ff2e2edc5b26c0c77925e5d2d255c42c74fdb70fb49b172726ac", size = 99404, upload-time = "2025-10-14T04:41:29.95Z" },
    { url = "https://files.pythonhosted.org/packages/c4/26/b9924fa27db384bdcd97ab83b4f0a8058d96ad9626ead570674d5e737d90/charset_normalizer-3.4.4-cp313-cp313-win_amd64.whl", hash = "sha256:b435cba5f4f750aa6c0a0d92c541fb79f69a387c91e61f1795227e4ed9cece14", size = 107092, upload-time = "2025-10-14T04:41:31.188Z" },
    { url = "https://files.pythonhosted.org/packages/af/8f/3ed4bfa0c0c72a7ca17f0380cd9e4dd842b09f664e780c13cff1dcf2ef1b/charset_normalizer-3.4.4-cp313-cp313-win_arm64.whl", hash = "sha256:542d2cee80be6f80247095cc36c418f7bddd14f4a6de45af91dfad36d817bba2", size = 100408, upload-time = "2025-10-14T04:41:32.624Z" },
    { url = "https://files.pythonhosted.org/packages/2a/35/7051599bd493e62411d6ede36fd5af83a38f37c4767b92884df7301db25d/charset_normalizer-3.4.4-cp314-cp314-macosx_10_13_universal2.whl", hash = "sha256:da3326d9e65ef63a817ecbcc0df6e94463713b754fe293eaa03da99befb9a5bd", size = 207746, upload-time = "2025-10-14T04:41:33.773Z" },
    { url = "https://files.pythonhosted.org/packages/10/9a/97c8d48ef10d6cd4fcead2415523221624bf58bcf68a802721a6bc807c8f/charset_normalizer-3.4.4-cp314-cp314-manylinux2014_aarch64.manylinux_2_17_aarch64.manylinux_2_28_aarch64.whl", hash = "sha256:8af65f14dc14a79b924524b1e7fffe304517b2bff5a58bf64f30b98bbc5079eb", size = 147889, upload-time = "2025-10-14T04:41:34.897Z" },
    { url = "https://files.pythonhosted.org/packages/10/bf/979224a919a1b606c82bd2c5fa49b5c6d5727aa47b4312bb27b1734f53cd/charset_normalizer-3.4.4-cp314-cp314-manylinux2014_armv7l.manylinux_2_17_armv7l.manylinux_2_31_armv7l.whl", hash = "sha256:74664978bb272435107de04e36db5a9735e78232b85b77d45cfb38f758efd33e", size = 143641, upload-time = "2025-10-14T04:41:36.116Z" },
    { url = "https://files.pythonhosted.org/packages/ba/33/0ad65587441fc730dc7bd90e9716b30b4702dc7b617e6ba4997dc8651495/charset_normalizer-3.4.4-cp314-cp314-manylinux2014_ppc64le.manylinux_2_17_ppc64le.manylinux_2_28_ppc64le.whl", hash = "sha256:752944c7ffbfdd10c074dc58ec2d5a8a4cd9493b314d367c14d24c17684ddd14", size = 160779, upload-time = "2025-10-14T04:41:37.229Z" },
    { url = "https://files.pythonhosted.org/packages/67/ed/331d6b249259ee71ddea93f6f2f0a56cfebd46938bde6fcc6f7b9a3d0e09/charset_normalizer-3.4.4-cp314-cp314-manylinux2014_s390x.manylinux_2_17_s390x.manylinux_2_28_s390x.whl", hash = "sha256:d1f13550535ad8cff21b8d757a3257963e951d96e20ec82ab44bc64aeb62a191", size = 159035, upload-time = "2025-10-14T04:41:38.368Z" },
    { url = "https://files.pythonhosted.org/packages/67/ff/f6b948ca32e4f2a4576aa129d8bed61f2e0543bf9f5f2b7fc3758ed005c9/charset_normalizer-3.4.4-cp314-cp314-manylinux2014_x86_64.manylinux_2_17_x86_64.manylinux_2_28_x86_64.whl", hash = "sha256:ecaae4149d99b1c9e7b88bb03e3221956f68fd6d50be2ef061b2381b61d20838", size = 152542, upload-time = "2025-10-14T04:41:39.862Z" },
    { url = "https://files.pythonhosted.org/packages/16/85/276033dcbcc369eb176594de22728541a925b2632f9716428c851b149e83/charset_normalizer-3.4.4-cp314-cp314-manylinux_2_31_riscv64.manylinux_2_39_riscv64.whl", hash = "sha256:cb6254dc36b47a990e59e1068afacdcd02958bdcce30bb50cc1700a8b9d624a6", size = 149524, upload-time = "2025-10-14T04:41:41.319Z" },
    { url = "https://files.pythonhosted.org/packages/9e/f2/6a2a1f722b6aba37050e626530a46a68f74e63683947a8acff92569f979a/charset_normalizer-3.4.4-cp314-cp314-musllinux_1_2_aarch64.whl", hash = "sha256:c8ae8a0f02f57a6e61203a31428fa1d677cbe50c93622b4149d5c0f319c1d19e", size = 150395, upload-time = "2025-10-14T04:41:42.539Z" },
    { url = "https://files.pythonhosted.org/packages/60/bb/2186cb2f2bbaea6338cad15ce23a67f9b0672929744381e28b0592676824/charset_normalizer-3.4.4-cp314-cp314-musllinux_1_2_armv7l.whl", hash = "sha256:47cc91b2f4dd2833fddaedd2893006b0106129d4b94fdb6af1f4ce5a9965577c", size = 143680, upload-time = "2025-10-14T04:41:43.661Z" },
    { url = "https://files.pythonhosted.org/packages/7d/a5/bf6f13b772fbb2a90360eb620d52ed8f796f3c5caee8398c3b2eb7b1c60d/charset_normalizer-3.4.4-cp314-cp314-musllinux_1_2_ppc64le.whl", hash = "sha256:82004af6c302b5d3ab2cfc4cc5f29db16123b1a8417f2e25f9066f91d4411090", size = 162045, upload-time = "2025-10-14T04:41:44.821Z" },
    { url = "https://files.pythonhosted.org/packages/df/c5/d1be898bf0dc3ef9030c3825e5d3b83f2c528d207d246cbabe245966808d/charset_normalizer-3.4.4-cp314-cp314-musllinux_1_2_riscv64.whl", hash = "sha256:2b7d8f6c26245217bd2ad053761201e9f9680f8ce52f0fcd8d0755aeae5b2152", size = 149687, upload-time = "2025-10-14T04:41:46.442Z" },
    { url = "https://files.pythonhosted.org/packages/a5/42/90c1f7b9341eef50c8a1cb3f098ac43b0508413f33affd762855f67a410e/charset_normalizer-3.4.4-cp314-cp314-musllinux_1_2_s390x.whl", hash = "sha256:799a7a5e4fb2d5898c60b640fd4981d6a25f1c11790935a44ce38c54e985f828", size = 160014, upload-time = "2025-10-14T04:41:47.631Z" },
    { url = "https://files.pythonhosted.org/packages/76/be/4d3ee471e8145d12795ab655ece37baed0929462a86e72372fd25859047c/charset_normalizer-3.4.4-cp314-cp314-musllinux_1_2_x86_64.whl", hash = "sha256:99ae2cffebb06e6c22bdc25801d7b30f503cc87dbd283479e7b606f70aff57ec", size = 154044, upload-time = "2025-10-14T04:41:48.81Z" },
    { url = "https://files.pythonhosted.org/packages/b0/6f/8f7af07237c34a1defe7defc565a9bc1807762f672c0fde711a4b22bf9c0/charset_normalizer-3.4.4-cp314-cp314-win32.whl", hash = "sha256:f9d332f8c2a2fcbffe1378594431458ddbef721c1769d78e2cbc06280d8155f9", size = 99940, upload-time = "2025-10-14T04:41:49.946Z" },
    { url = "https://files.pythonhosted.org/packages/4b/51/8ade005e5ca5b0d80fb4aff72a3775b325bdc3d27408c8113811a7cbe640/charset_normalizer-3.4.4-cp314-cp314-win_amd64.whl", hash = "sha256:8a6562c3700cce886c5be75ade4a5db4214fda19fede41d9792d100288d8f94c", size = 107104, upload-time = "2025-10-14T04:41:51.051Z" },
    { url = "https://files.pythonhosted.org/packages/da/5f/6b8f83a55bb8278772c5ae54a577f3099025f9ade59d0136ac24a0df4bde/charset_normalizer-3.4.4-cp314-cp314-win_arm64.whl", hash = "sha256:de00632ca48df9daf77a2c65a484531649261ec9f25489917f09e455cb09ddb2", size = 100743, upload-time = "2025-10-14T04:41:52.122Z" },
    { url = "https://files.pythonhosted.org/packages/0a/4c/925909008ed5a988ccbb72dcc897407e5d6d3bd72410d69e051fc0c14647/charset_normalizer-3.4.4-py3-none-any.whl", hash = "sha256:7a32c560861a02ff789ad905a2fe94e3f840803362c84fecf1851cb4cf3dc37f", size = 53402, upload-time = "2025-10-14T04:42:31.76Z" },
]

[[package]]
name = "idna"
version = "3.11"
source = { registry = "https://pypi.org/simple" }
sdist = { url = "https://files.pythonhosted.org/packages/6f/6d/0703ccc57f3a7233505399edb88de3cbd678da106337b9fcde432b65ed60/idna-3.11.tar.gz", hash = "sha256:795dafcc9c04ed0c1fb032c2aa73654d8e8c5023a7df64a53f39190ada629902", size = 194582, upload-time = "2025-10-12T14:55:20.501Z" }
wheels = [
    { url = "https://files.pythonhosted.org/packages/0e/61/66938bbb5fc52dbdf84594873d5b51fb1f7c7794e9c0f5bd885f30bc507b/idna-3.11-py3-none-any.whl", hash = "sha256:771a87f49d9defaf64091e6e6fe9c18d4833f140bd19464795bc32d966ca37ea", size = 71008, upload-time = "2025-10-12T14:55:18.883Z" },
]

[[package]]
name = "mwparserfromhell"
version = "0.7.2"
source = { registry = "https://pypi.org/simple" }
sdist = { url = "https://files.pythonhosted.org/packages/eb/e1/4e4b53fd838b82061243222d6123ddaf6176278b1ad7058382a1312cb7ae/mwparserfromhell-0.7.2.tar.gz", hash = "sha256:f4193072e9ea93b9e88f772f60a02125c0602d32890d0bbdcb275ed58c8b3763", size = 196317, upload-time = "2025-07-01T05:27:09.697Z" }
wheels = [
    { url = "https://files.pythonhosted.org/packages/4a/8e/cdbeaee3cdfa3531fb70380aed9ce9619c42b52735496cc1cd5a026986c3/mwparserfromhell-0.7.2-cp313-cp313-macosx_10_13_x86_64.whl", hash = "sha256:6032df04279c38b9eaaa332a608dd8241aa31f6f034d6ecdba1b4582fbb548b9", size = 154511, upload-time = "2025-07-01T05:26:48.633Z" },
    { url = "https://files.pythonhosted.org/packages/29/d0/2d639f526b1a7e1b0f9cba9957bb32cfac0629fb9069488cb0ae485627e8/mwparserfromhell-0.7.2-cp313-cp313-macosx_11_0_arm64.whl", hash = "sha256:6316f6bd1ca8451b312399b44b0b75096981f0fe92fbea108bade29af66bea9b", size = 154618, upload-time = "2025-07-01T05:26:50.122Z" },
    { url = "https://files.pythonhosted.org/packages/fa/cb/a4f485681f2b981dd17aafa90ba98635e2ba18a17805af464669100a568a/mwparserfromhell-0.7.2-cp313-cp313-manylinux2014_aarch64.manylinux_2_17_aarch64.manylinux_2_28_aarch64.whl", hash = "sha256:535c2e8b9aedf3b00fbbb9942df4a659bc66dfb8feb6fca114e97cef48d64680", size = 262181, upload-time = "2025-07-01T05:26:51.596Z" },
    { url = "https://files.pythonhosted.org/packages/34/ec/eba98e51b1b9a0a50de5459462ee62843c03a9538ae01602dd2a98207d67/mwparserfromhell-0.7.2-cp313-cp313-manylinux2014_x86_64.manylinux_2_17_x86_64.manylinux_2_28_x86_64.whl", hash = "sha256:b5345e6b42db45d48162c7bad9b2ce71b6a5ba2e2dea3987eb82b991e5cb9918", size = 256919, upload-time = "2025-07-01T05:26:52.809Z" },
    { url = "https://files.pythonhosted.org/packages/94/85/303293cb0aff73a178584be9c7a6a8022bc93922117df8fc814264e9d319/mwparserfromhell-0.7.2-cp313-cp313-musllinux_1_2_aarch64.whl", hash = "sha256:fef24a97b0b08f02646be2e018284884f8e6cb9740eea60a10404b5369c04ef6", size = 257835, upload-time = "2025-07-01T05:26:54.198Z" },
    { url = "https://files.pythonhosted.org/packages/c1/06/b1cdc1844505fc1894ef1f94674193b9bbf7418b173586800eda8686442d/mwparserfromhell-0.7.2-cp313-cp313-musllinux_1_2_x86_64.whl", hash = "sha256:4ed1d61927d0ad618352732dc2a2218f3b14e19a6ee6e490b42a6ed535acc301", size = 254083, upload-time = "2025-07-01T05:26:55.829Z" },
    { url = "https://files.pythonhosted.org/packages/b2/b2/12810d49d24ea35e38ff008c539de49295137e98384433f6ee43502af94e/mwparserfromhell-0.7.2-cp313-cp313-win32.whl", hash = "sha256:0661642c78f8d13369d09401a5c4240f4c91b5af1317e66d7f6270b8b0aecd85", size = 153746, upload-time = "2025-07-01T05:26:57.002Z" },
    { url = "https://files.pythonhosted.org/packages/e2/eb/09a2201943390f2491df5a2fc1fe9abc06b0115116bef799e11725c65ced/mwparserfromhell-0.7.2-cp313-cp313-win_amd64.whl", hash = "sha256:52f193b59c1b6109b210ad85536ce3c569861c3bb9da7b1875618d8ba54c396f", size = 156401, upload-time = "2025-07-01T05:26:58.085Z" },
]

[[package]]
name = "packaging"
version = "25.0"
source = { registry = "https://pypi.org/simple" }
sdist = { url = "https://files.pythonhosted.org/packages/a1/d4/1fc4078c65507b51b96ca8f8c3ba19e6a61c8253c72794544580a7b6c24d/packaging-25.0.tar.gz", hash = "sha256:d443872c98d677bf60f6a1f2f8c1cb748e8fe762d2bf9d3148b5599295b0fc4f", size = 165727, upload-time = "2025-04-19T11:48:59.673Z" }
wheels = [
    { url = "https://files.pythonhosted.org/packages/20/12/38679034af332785aac8774540895e234f4d07f7545804097de4b666afd8/packaging-25.0-py3-none-any.whl", hash = "sha256:29572ef2b1f17581046b3a2227d5c611fb25ec70ca1ba8554b24b0e69331a484", size = 66469, upload-time = "2025-04-19T11:48:57.875Z" },
]

[[package]]
name = "pywikibot"
version = "10.5.0"
source = { registry = "https://pypi.org/simple" }
dependencies = [
    { name = "mwparserfromhell" },
    { name = "packaging" },
    { name = "requests" },
]
sdist = { url = "https://files.pythonhosted.org/packages/30/38/dec090508b907ce689944890037679b844e98a53e801dbe0e6b09225b885/pywikibot-10.5.0.tar.gz", hash = "sha256:19d6cb023a3b6112032cb5120e083da6d83a33cada742d9582bb09c0a847fe68", size = 631814, upload-time = "2025-09-21T07:06:27.118Z" }
wheels = [
    { url = "https://files.pythonhosted.org/packages/f3/76/d3bfe78c5d435ed12a019ab983e06eb9b6cbb87701b9f694f3f56aa43bf2/pywikibot-10.5.0-py3-none-any.whl", hash = "sha256:d25758338a93d5be9fdc594de5a084ed6bc6ae71804eebbb870bbc31b61582cd", size = 733328, upload-time = "2025-09-21T07:06:24.563Z" },
]

[[package]]
name = "regex"
version = "2025.9.18"
source = { registry = "https://pypi.org/simple" }
sdist = { url = "https://files.pythonhosted.org/packages/49/d3/eaa0d28aba6ad1827ad1e716d9a93e1ba963ada61887498297d3da715133/regex-2025.9.18.tar.gz", hash = "sha256:c5ba23274c61c6fef447ba6a39333297d0c247f53059dba0bca415cac511edc4", size = 400917, upload-time = "2025-09-19T00:38:35.79Z" }
wheels = [
    { url = "https://files.pythonhosted.org/packages/d2/c7/5c48206a60ce33711cf7dcaeaed10dd737733a3569dc7e1dce324dd48f30/regex-2025.9.18-cp313-cp313-macosx_10_13_universal2.whl", hash = "sha256:2a40f929cd907c7e8ac7566ac76225a77701a6221bca937bdb70d56cb61f57b2", size = 485955, upload-time = "2025-09-19T00:36:26.822Z" },
    { url = "https://files.pythonhosted.org/packages/e9/be/74fc6bb19a3c491ec1ace943e622b5a8539068771e8705e469b2da2306a7/regex-2025.9.18-cp313-cp313-macosx_10_13_x86_64.whl", hash = "sha256:c90471671c2cdf914e58b6af62420ea9ecd06d1554d7474d50133ff26ae88feb", size = 289583, upload-time = "2025-09-19T00:36:28.577Z" },
    { url = "https://files.pythonhosted.org/packages/25/c4/9ceaa433cb5dc515765560f22a19578b95b92ff12526e5a259321c4fc1a0/regex-2025.9.18-cp313-cp313-macosx_11_0_arm64.whl", hash = "sha256:1a351aff9e07a2dabb5022ead6380cff17a4f10e4feb15f9100ee56c4d6d06af", size = 287000, upload-time = "2025-09-19T00:36:30.161Z" },
    { url = "https://files.pythonhosted.org/packages/7d/e6/68bc9393cb4dc68018456568c048ac035854b042bc7c33cb9b99b0680afa/regex-2025.9.18-cp313-cp313-manylinux2014_aarch64.manylinux_2_17_aarch64.manylinux_2_28_aarch64.whl", hash = "sha256:bc4b8e9d16e20ddfe16430c23468a8707ccad3365b06d4536142e71823f3ca29", size = 797535, upload-time = "2025-09-19T00:36:31.876Z" },
    { url = "https://files.pythonhosted.org/packages/6a/1c/ebae9032d34b78ecfe9bd4b5e6575b55351dc8513485bb92326613732b8c/regex-2025.9.18-cp313-cp313-manylinux2014_ppc64le.manylinux_2_17_ppc64le.manylinux_2_28_ppc64le.whl", hash = "sha256:4b8cdbddf2db1c5e80338ba2daa3cfa3dec73a46fff2a7dda087c8efbf12d62f", size = 862603, upload-time = "2025-09-19T00:36:33.344Z" },
    { url = "https://files.pythonhosted.org/packages/3b/74/12332c54b3882557a4bcd2b99f8be581f5c6a43cf1660a85b460dd8ff468/regex-2025.9.18-cp313-cp313-manylinux2014_s390x.manylinux_2_17_s390x.manylinux_2_28_s390x.whl", hash = "sha256:a276937d9d75085b2c91fb48244349c6954f05ee97bba0963ce24a9d915b8b68", size = 910829, upload-time = "2025-09-19T00:36:34.826Z" },
    { url = "https://files.pythonhosted.org/packages/86/70/ba42d5ed606ee275f2465bfc0e2208755b06cdabd0f4c7c4b614d51b57ab/regex-2025.9.18-cp313-cp313-manylinux2014_x86_64.manylinux_2_17_x86_64.manylinux_2_28_x86_64.whl", hash = "sha256:92a8e375ccdc1256401c90e9dc02b8642894443d549ff5e25e36d7cf8a80c783", size = 802059, upload-time = "2025-09-19T00:36:36.664Z" },
    { url = "https://files.pythonhosted.org/packages/da/c5/fcb017e56396a7f2f8357412638d7e2963440b131a3ca549be25774b3641/regex-2025.9.18-cp313-cp313-musllinux_1_2_aarch64.whl", hash = "sha256:0dc6893b1f502d73037cf807a321cdc9be29ef3d6219f7970f842475873712ac", size = 786781, upload-time = "2025-09-19T00:36:38.168Z" },
    { url = "https://files.pythonhosted.org/packages/c6/ee/21c4278b973f630adfb3bcb23d09d83625f3ab1ca6e40ebdffe69901c7a1/regex-2025.9.18-cp313-cp313-musllinux_1_2_ppc64le.whl", hash = "sha256:a61e85bfc63d232ac14b015af1261f826260c8deb19401c0597dbb87a864361e", size = 856578, upload-time = "2025-09-19T00:36:40.129Z" },
    { url = "https://files.pythonhosted.org/packages/87/0b/de51550dc7274324435c8f1539373ac63019b0525ad720132866fff4a16a/regex-2025.9.18-cp313-cp313-musllinux_1_2_s390x.whl", hash = "sha256:1ef86a9ebc53f379d921fb9a7e42b92059ad3ee800fcd9e0fe6181090e9f6c23", size = 849119, upload-time = "2025-09-19T00:36:41.651Z" },
    { url = "https://files.pythonhosted.org/packages/60/52/383d3044fc5154d9ffe4321696ee5b2ee4833a28c29b137c22c33f41885b/regex-2025.9.18-cp313-cp313-musllinux_1_2_x86_64.whl", hash = "sha256:d3bc882119764ba3a119fbf2bd4f1b47bc56c1da5d42df4ed54ae1e8e66fdf8f", size = 788219, upload-time = "2025-09-19T00:36:43.575Z" },
    { url = "https://files.pythonhosted.org/packages/20/bd/2614fc302671b7359972ea212f0e3a92df4414aaeacab054a8ce80a86073/regex-2025.9.18-cp313-cp313-win32.whl", hash = "sha256:3810a65675845c3bdfa58c3c7d88624356dd6ee2fc186628295e0969005f928d", size = 264517, upload-time = "2025-09-19T00:36:45.503Z" },
    { url = "https://files.pythonhosted.org/packages/07/0f/ab5c1581e6563a7bffdc1974fb2d25f05689b88e2d416525271f232b1946/regex-2025.9.18-cp313-cp313-win_amd64.whl", hash = "sha256:16eaf74b3c4180ede88f620f299e474913ab6924d5c4b89b3833bc2345d83b3d", size = 275481, upload-time = "2025-09-19T00:36:46.965Z" },
    { url = "https://files.pythonhosted.org/packages/49/22/ee47672bc7958f8c5667a587c2600a4fba8b6bab6e86bd6d3e2b5f7cac42/regex-2025.9.18-cp313-cp313-win_arm64.whl", hash = "sha256:4dc98ba7dd66bd1261927a9f49bd5ee2bcb3660f7962f1ec02617280fc00f5eb", size = 268598, upload-time = "2025-09-19T00:36:48.314Z" },
    { url = "https://files.pythonhosted.org/packages/e8/83/6887e16a187c6226cb85d8301e47d3b73ecc4505a3a13d8da2096b44fd76/regex-2025.9.18-cp313-cp313t-macosx_10_13_universal2.whl", hash = "sha256:fe5d50572bc885a0a799410a717c42b1a6b50e2f45872e2b40f4f288f9bce8a2", size = 489765, upload-time = "2025-09-19T00:36:49.996Z" },
    { url = "https://files.pythonhosted.org/packages/51/c5/e2f7325301ea2916ff301c8d963ba66b1b2c1b06694191df80a9c4fea5d0/regex-2025.9.18-cp313-cp313t-macosx_10_13_x86_64.whl", hash = "sha256:1b9d9a2d6cda6621551ca8cf7a06f103adf72831153f3c0d982386110870c4d3", size = 291228, upload-time = "2025-09-19T00:36:51.654Z" },
    { url = "https://files.pythonhosted.org/packages/91/60/7d229d2bc6961289e864a3a3cfebf7d0d250e2e65323a8952cbb7e22d824/regex-2025.9.18-cp313-cp313t-macosx_11_0_arm64.whl", hash = "sha256:13202e4c4ac0ef9a317fff817674b293c8f7e8c68d3190377d8d8b749f566e12", size = 289270, upload-time = "2025-09-19T00:36:53.118Z" },
    { url = "https://files.pythonhosted.org/packages/3c/d7/b4f06868ee2958ff6430df89857fbf3d43014bbf35538b6ec96c2704e15d/regex-2025.9.18-cp313-cp313t-manylinux2014_aarch64.manylinux_2_17_aarch64.manylinux_2_28_aarch64.whl", hash = "sha256:874ff523b0fecffb090f80ae53dc93538f8db954c8bb5505f05b7787ab3402a0", size = 806326, upload-time = "2025-09-19T00:36:54.631Z" },
    { url = "https://files.pythonhosted.org/packages/d6/e4/bca99034a8f1b9b62ccf337402a8e5b959dd5ba0e5e5b2ead70273df3277/regex-2025.9.18-cp313-cp313t-manylinux2014_ppc64le.manylinux_2_17_ppc64le.manylinux_2_28_ppc64le.whl", hash = "sha256:d13ab0490128f2bb45d596f754148cd750411afc97e813e4b3a61cf278a23bb6", size = 871556, upload-time = "2025-09-19T00:36:56.208Z" },
    { url = "https://files.pythonhosted.org/packages/6d/df/e06ffaf078a162f6dd6b101a5ea9b44696dca860a48136b3ae4a9caf25e2/regex-2025.9.18-cp313-cp313t-manylinux2014_s390x.manylinux_2_17_s390x.manylinux_2_28_s390x.whl", hash = "sha256:05440bc172bc4b4b37fb9667e796597419404dbba62e171e1f826d7d2a9ebcef", size = 913817, upload-time = "2025-09-19T00:36:57.807Z" },
    { url = "https://files.pythonhosted.org/packages/9e/05/25b05480b63292fd8e84800b1648e160ca778127b8d2367a0a258fa2e225/regex-2025.9.18-cp313-cp313t-manylinux2014_x86_64.manylinux_2_17_x86_64.manylinux_2_28_x86_64.whl", hash = "sha256:5514b8e4031fdfaa3d27e92c75719cbe7f379e28cacd939807289bce76d0e35a", size = 811055, upload-time = "2025-09-19T00:36:59.762Z" },
    { url = "https://files.pythonhosted.org/packages/70/97/7bc7574655eb651ba3a916ed4b1be6798ae97af30104f655d8efd0cab24b/regex-2025.9.18-cp313-cp313t-musllinux_1_2_aarch64.whl", hash = "sha256:65d3c38c39efce73e0d9dc019697b39903ba25b1ad45ebbd730d2cf32741f40d", size = 794534, upload-time = "2025-09-19T00:37:01.405Z" },
    { url = "https://files.pythonhosted.org/packages/b4/c2/d5da49166a52dda879855ecdba0117f073583db2b39bb47ce9a3378a8e9e/regex-2025.9.18-cp313-cp313t-musllinux_1_2_ppc64le.whl", hash = "sha256:ae77e447ebc144d5a26d50055c6ddba1d6ad4a865a560ec7200b8b06bc529368", size = 866684, upload-time = "2025-09-19T00:37:03.441Z" },
    { url = "https://files.pythonhosted.org/packages/bd/2d/0a5c4e6ec417de56b89ff4418ecc72f7e3feca806824c75ad0bbdae0516b/regex-2025.9.18-cp313-cp313t-musllinux_1_2_s390x.whl", hash = "sha256:e3ef8cf53dc8df49d7e28a356cf824e3623764e9833348b655cfed4524ab8a90", size = 853282, upload-time = "2025-09-19T00:37:04.985Z" },
    { url = "https://files.pythonhosted.org/packages/f4/8e/d656af63e31a86572ec829665d6fa06eae7e144771e0330650a8bb865635/regex-2025.9.18-cp313-cp313t-musllinux_1_2_x86_64.whl", hash = "sha256:9feb29817df349c976da9a0debf775c5c33fc1c8ad7b9f025825da99374770b7", size = 797830, upload-time = "2025-09-19T00:37:06.697Z" },
    { url = "https://files.pythonhosted.org/packages/db/ce/06edc89df8f7b83ffd321b6071be4c54dc7332c0f77860edc40ce57d757b/regex-2025.9.18-cp313-cp313t-win32.whl", hash = "sha256:168be0d2f9b9d13076940b1ed774f98595b4e3c7fc54584bba81b3cc4181742e", size = 267281, upload-time = "2025-09-19T00:37:08.568Z" },
    { url = "https://files.pythonhosted.org/packages/83/9a/2b5d9c8b307a451fd17068719d971d3634ca29864b89ed5c18e499446d4a/regex-2025.9.18-cp313-cp313t-win_amd64.whl", hash = "sha256:d59ecf3bb549e491c8104fea7313f3563c7b048e01287db0a90485734a70a730", size = 278724, upload-time = "2025-09-19T00:37:10.023Z" },
    { url = "https://files.pythonhosted.org/packages/3d/70/177d31e8089a278a764f8ec9a3faac8d14a312d622a47385d4b43905806f/regex-2025.9.18-cp313-cp313t-win_arm64.whl", hash = "sha256:dbef80defe9fb21310948a2595420b36c6d641d9bea4c991175829b2cc4bc06a", size = 269771, upload-time = "2025-09-19T00:37:13.041Z" },
    { url = "https://files.pythonhosted.org/packages/44/b7/3b4663aa3b4af16819f2ab6a78c4111c7e9b066725d8107753c2257448a5/regex-2025.9.18-cp314-cp314-macosx_10_13_universal2.whl", hash = "sha256:c6db75b51acf277997f3adcd0ad89045d856190d13359f15ab5dda21581d9129", size = 486130, upload-time = "2025-09-19T00:37:14.527Z" },
    { url = "https://files.pythonhosted.org/packages/80/5b/4533f5d7ac9c6a02a4725fe8883de2aebc713e67e842c04cf02626afb747/regex-2025.9.18-cp314-cp314-macosx_10_13_x86_64.whl", hash = "sha256:8f9698b6f6895d6db810e0bda5364f9ceb9e5b11328700a90cae573574f61eea", size = 289539, upload-time = "2025-09-19T00:37:16.356Z" },
    { url = "https://files.pythonhosted.org/packages/b8/8d/5ab6797c2750985f79e9995fad3254caa4520846580f266ae3b56d1cae58/regex-2025.9.18-cp314-cp314-macosx_11_0_arm64.whl", hash = "sha256:29cd86aa7cb13a37d0f0d7c21d8d949fe402ffa0ea697e635afedd97ab4b69f1", size = 287233, upload-time = "2025-09-19T00:37:18.025Z" },
    { url = "https://files.pythonhosted.org/packages/cb/1e/95afcb02ba8d3a64e6ffeb801718ce73471ad6440c55d993f65a4a5e7a92/regex-2025.9.18-cp314-cp314-manylinux2014_aarch64.manylinux_2_17_aarch64.manylinux_2_28_aarch64.whl", hash = "sha256:7c9f285a071ee55cd9583ba24dde006e53e17780bb309baa8e4289cd472bcc47", size = 797876, upload-time = "2025-09-19T00:37:19.609Z" },
    { url = "https://files.pythonhosted.org/packages/c8/fb/720b1f49cec1f3b5a9fea5b34cd22b88b5ebccc8c1b5de9cc6f65eed165a/regex-2025.9.18-cp314-cp314-manylinux2014_ppc64le.manylinux_2_17_ppc64le.manylinux_2_28_ppc64le.whl", hash = "sha256:5adf266f730431e3be9021d3e5b8d5ee65e563fec2883ea8093944d21863b379", size = 863385, upload-time = "2025-09-19T00:37:21.65Z" },
    { url = "https://files.pythonhosted.org/packages/a9/ca/e0d07ecf701e1616f015a720dc13b84c582024cbfbb3fc5394ae204adbd7/regex-2025.9.18-cp314-cp314-manylinux2014_s390x.manylinux_2_17_s390x.manylinux_2_28_s390x.whl", hash = "sha256:1137cabc0f38807de79e28d3f6e3e3f2cc8cfb26bead754d02e6d1de5f679203", size = 910220, upload-time = "2025-09-19T00:37:23.723Z" },
    { url = "https://files.pythonhosted.org/packages/b6/45/bba86413b910b708eca705a5af62163d5d396d5f647ed9485580c7025209/regex-2025.9.18-cp314-cp314-manylinux2014_x86_64.manylinux_2_17_x86_64.manylinux_2_28_x86_64.whl", hash = "sha256:7cc9e5525cada99699ca9223cce2d52e88c52a3d2a0e842bd53de5497c604164", size = 801827, upload-time = "2025-09-19T00:37:25.684Z" },
    { url = "https://files.pythonhosted.org/packages/b8/a6/740fbd9fcac31a1305a8eed30b44bf0f7f1e042342be0a4722c0365ecfca/regex-2025.9.18-cp314-cp314-musllinux_1_2_aarch64.whl", hash = "sha256:bbb9246568f72dce29bcd433517c2be22c7791784b223a810225af3b50d1aafb", size = 786843, upload-time = "2025-09-19T00:37:27.62Z" },
    { url = "https://files.pythonhosted.org/packages/80/a7/0579e8560682645906da640c9055506465d809cb0f5415d9976f417209a6/regex-2025.9.18-cp314-cp314-musllinux_1_2_ppc64le.whl", hash = "sha256:6a52219a93dd3d92c675383efff6ae18c982e2d7651c792b1e6d121055808743", size = 857430, upload-time = "2025-09-19T00:37:29.362Z" },
    { url = "https://files.pythonhosted.org/packages/8d/9b/4dc96b6c17b38900cc9fee254fc9271d0dde044e82c78c0811b58754fde5/regex-2025.9.18-cp314-cp314-musllinux_1_2_s390x.whl", hash = "sha256:ae9b3840c5bd456780e3ddf2f737ab55a79b790f6409182012718a35c6d43282", size = 848612, upload-time = "2025-09-19T00:37:31.42Z" },
    { url = "https://files.pythonhosted.org/packages/b3/6a/6f659f99bebb1775e5ac81a3fb837b85897c1a4ef5acffd0ff8ffe7e67fb/regex-2025.9.18-cp314-cp314-musllinux_1_2_x86_64.whl", hash = "sha256:d488c236ac497c46a5ac2005a952c1a0e22a07be9f10c3e735bc7d1209a34773", size = 787967, upload-time = "2025-09-19T00:37:34.019Z" },
    { url = "https://files.pythonhosted.org/packages/61/35/9e35665f097c07cf384a6b90a1ac11b0b1693084a0b7a675b06f760496c6/regex-2025.9.18-cp314-cp314-win32.whl", hash = "sha256:0c3506682ea19beefe627a38872d8da65cc01ffa25ed3f2e422dffa1474f0788", size = 269847, upload-time = "2025-09-19T00:37:35.759Z" },
    { url = "https://files.pythonhosted.org/packages/af/64/27594dbe0f1590b82de2821ebfe9a359b44dcb9b65524876cd12fabc447b/regex-2025.9.18-cp314-cp314-win_amd64.whl", hash = "sha256:57929d0f92bebb2d1a83af372cd0ffba2263f13f376e19b1e4fa32aec4efddc3", size = 278755, upload-time = "2025-09-19T00:37:37.367Z" },
    { url = "https://files.pythonhosted.org/packages/30/a3/0cd8d0d342886bd7d7f252d701b20ae1a3c72dc7f34ef4b2d17790280a09/regex-2025.9.18-cp314-cp314-win_arm64.whl", hash = "sha256:6a4b44df31d34fa51aa5c995d3aa3c999cec4d69b9bd414a8be51984d859f06d", size = 271873, upload-time = "2025-09-19T00:37:39.125Z" },
    { url = "https://files.pythonhosted.org/packages/99/cb/8a1ab05ecf404e18b54348e293d9b7a60ec2bd7aa59e637020c5eea852e8/regex-2025.9.18-cp314-cp314t-macosx_10_13_universal2.whl", hash = "sha256:b176326bcd544b5e9b17d6943f807697c0cb7351f6cfb45bf5637c95ff7e6306", size = 489773, upload-time = "2025-09-19T00:37:40.968Z" },
    { url = "https://files.pythonhosted.org/packages/93/3b/6543c9b7f7e734d2404fa2863d0d710c907bef99d4598760ed4563d634c3/regex-2025.9.18-cp314-cp314t-macosx_10_13_x86_64.whl", hash = "sha256:0ffd9e230b826b15b369391bec167baed57c7ce39efc35835448618860995946", size = 291221, upload-time = "2025-09-19T00:37:42.901Z" },
    { url = "https://files.pythonhosted.org/packages/cd/91/e9fdee6ad6bf708d98c5d17fded423dcb0661795a49cba1b4ffb8358377a/regex-2025.9.18-cp314-cp314t-macosx_11_0_arm64.whl", hash = "sha256:ec46332c41add73f2b57e2f5b642f991f6b15e50e9f86285e08ffe3a512ac39f", size = 289268, upload-time = "2025-09-19T00:37:44.823Z" },
    { url = "https://files.pythonhosted.org/packages/94/a6/bc3e8a918abe4741dadeaeb6c508e3a4ea847ff36030d820d89858f96a6c/regex-2025.9.18-cp314-cp314t-manylinux2014_aarch64.manylinux_2_17_aarch64.manylinux_2_28_aarch64.whl", hash = "sha256:b80fa342ed1ea095168a3f116637bd1030d39c9ff38dc04e54ef7c521e01fc95", size = 806659, upload-time = "2025-09-19T00:37:46.684Z" },
    { url = "https://files.pythonhosted.org/packages/2b/71/ea62dbeb55d9e6905c7b5a49f75615ea1373afcad95830047e4e310db979/regex-2025.9.18-cp314-cp314t-manylinux2014_ppc64le.manylinux_2_17_ppc64le.manylinux_2_28_ppc64le.whl", hash = "sha256:f4d97071c0ba40f0cf2a93ed76e660654c399a0a04ab7d85472239460f3da84b", size = 871701, upload-time = "2025-09-19T00:37:48.882Z" },
    { url = "https://files.pythonhosted.org/packages/6a/90/fbe9dedb7dad24a3a4399c0bae64bfa932ec8922a0a9acf7bc88db30b161/regex-2025.9.18-cp314-cp314t-manylinux2014_s390x.manylinux_2_17_s390x.manylinux_2_28_s390x.whl", hash = "sha256:0ac936537ad87cef9e0e66c5144484206c1354224ee811ab1519a32373e411f3", size = 913742, upload-time = "2025-09-19T00:37:51.015Z" },
    { url = "https://files.pythonhosted.org/packages/f0/1c/47e4a8c0e73d41eb9eb9fdeba3b1b810110a5139a2526e82fd29c2d9f867/regex-2025.9.18-cp314-cp314t-manylinux2014_x86_64.manylinux_2_17_x86_64.manylinux_2_28_x86_64.whl", hash = "sha256:dec57f96d4def58c422d212d414efe28218d58537b5445cf0c33afb1b4768571", size = 811117, upload-time = "2025-09-19T00:37:52.686Z" },
    { url = "https://files.pythonhosted.org/packages/2a/da/435f29fddfd015111523671e36d30af3342e8136a889159b05c1d9110480/regex-2025.9.18-cp314-cp314t-musllinux_1_2_aarch64.whl", hash = "sha256:48317233294648bf7cd068857f248e3a57222259a5304d32c7552e2284a1b2ad", size = 794647, upload-time = "2025-09-19T00:37:54.626Z" },
    { url = "https://files.pythonhosted.org/packages/23/66/df5e6dcca25c8bc57ce404eebc7342310a0d218db739d7882c9a2b5974a3/regex-2025.9.18-cp314-cp314t-musllinux_1_2_ppc64le.whl", hash = "sha256:274687e62ea3cf54846a9b25fc48a04459de50af30a7bd0b61a9e38015983494", size = 866747, upload-time = "2025-09-19T00:37:56.367Z" },
    { url = "https://files.pythonhosted.org/packages/82/42/94392b39b531f2e469b2daa40acf454863733b674481fda17462a5ffadac/regex-2025.9.18-cp314-cp314t-musllinux_1_2_s390x.whl", hash = "sha256:a78722c86a3e7e6aadf9579e3b0ad78d955f2d1f1a8ca4f67d7ca258e8719d4b", size = 853434, upload-time = "2025-09-19T00:37:58.39Z" },
    { url = "https://files.pythonhosted.org/packages/a8/f8/dcc64c7f7bbe58842a8f89622b50c58c3598fbbf4aad0a488d6df2c699f1/regex-2025.9.18-cp314-cp314t-musllinux_1_2_x86_64.whl", hash = "sha256:06104cd203cdef3ade989a1c45b6215bf42f8b9dd705ecc220c173233f7cba41", size = 798024, upload-time = "2025-09-19T00:38:00.397Z" },
    { url = "https://files.pythonhosted.org/packages/20/8d/edf1c5d5aa98f99a692313db813ec487732946784f8f93145e0153d910e5/regex-2025.9.18-cp314-cp314t-win32.whl", hash = "sha256:2e1eddc06eeaffd249c0adb6fafc19e2118e6308c60df9db27919e96b5656096", size = 273029, upload-time = "2025-09-19T00:38:02.383Z" },
    { url = "https://files.pythonhosted.org/packages/a7/24/02d4e4f88466f17b145f7ea2b2c11af3a942db6222429c2c146accf16054/regex-2025.9.18-cp314-cp314t-win_amd64.whl", hash = "sha256:8620d247fb8c0683ade51217b459cb4a1081c0405a3072235ba43a40d355c09a", size = 282680, upload-time = "2025-09-19T00:38:04.102Z" },
    { url = "https://files.pythonhosted.org/packages/1f/a3/c64894858aaaa454caa7cc47e2f225b04d3ed08ad649eacf58d45817fad2/regex-2025.9.18-cp314-cp314t-win_arm64.whl", hash = "sha256:b7531a8ef61de2c647cdf68b3229b071e46ec326b3138b2180acb4275f470b01", size = 273034, upload-time = "2025-09-19T00:38:05.807Z" },
]

[[package]]
name = "requests"
version = "2.32.5"
source = { registry = "https://pypi.org/simple" }
dependencies = [
    { name = "certifi" },
    { name = "charset-normalizer" },
    { name = "idna" },
    { name = "urllib3" },
]
sdist = { url = "https://files.pythonhosted.org/packages/c9/74/b3ff8e6c8446842c3f5c837e9c3dfcfe2018ea6ecef224c710c85ef728f4/requests-2.32.5.tar.gz", hash = "sha256:dbba0bac56e100853db0ea71b82b4dfd5fe2bf6d3754a8893c3af500cec7d7cf", size = 134517, upload-time = "2025-08-18T20:46:02.573Z" }
wheels = [
    { url = "https://files.pythonhosted.org/packages/1e/db/4254e3eabe8020b458f1a747140d32277ec7a271daf1d235b70dc0b4e6e3/requests-2.32.5-py3-none-any.whl", hash = "sha256:2462f94637a34fd532264295e186976db0f5d453d1cdd31473c85a6a161affb6", size = 64738, upload-time = "2025-08-18T20:46:00.542Z" },
]

[[package]]
name = "stellasorabot"
version = "0.1.0"
source = { virtual = "." }
dependencies = [
    { name = "pywikibot" },
    { name = "requests" },
    { name = "wikitextparser" },
]

[package.metadata]
requires-dist = [
    { name = "pywikibot", specifier = ">=10.5.0" },
    { name = "requests", specifier = ">=2.32.5" },
    { name = "wikitextparser", specifier = ">=0.56.4" },
]

[[package]]
name = "urllib3"
version = "2.5.0"
source = { registry = "https://pypi.org/simple" }
sdist = { url = "https://files.pythonhosted.org/packages/15/22/9ee70a2574a4f4599c47dd506532914ce044817c7752a79b6a51286319bc/urllib3-2.5.0.tar.gz", hash = "sha256:3fc47733c7e419d4bc3f6b3dc2b4f890bb743906a30d56ba4a5bfa4bbff92760", size = 393185, upload-time = "2025-06-18T14:07:41.644Z" }
wheels = [
    { url = "https://files.pythonhosted.org/packages/a7/c2/fe1e52489ae3122415c51f387e221dd0773709bad6c6cdaa599e8a2c5185/urllib3-2.5.0-py3-none-any.whl", hash = "sha256:e6b01673c0fa6a13e374b50871808eb3bf7046c4b125b216f6bf1cc604cff0dc", size = 129795, upload-time = "2025-06-18T14:07:40.39Z" },
]

[[package]]
name = "wcwidth"
version = "0.2.14"
source = { registry = "https://pypi.org/simple" }
sdist = { url = "https://files.pythonhosted.org/packages/24/30/6b0809f4510673dc723187aeaf24c7f5459922d01e2f794277a3dfb90345/wcwidth-0.2.14.tar.gz", hash = "sha256:4d478375d31bc5395a3c55c40ccdf3354688364cd61c4f6adacaa9215d0b3605", size = 102293, upload-time = "2025-09-22T16:29:53.023Z" }
wheels = [
    { url = "https://files.pythonhosted.org/packages/af/b5/123f13c975e9f27ab9c0770f514345bd406d0e8d3b7a0723af9d43f710af/wcwidth-0.2.14-py2.py3-none-any.whl", hash = "sha256:a7bb560c8aee30f9957e5f9895805edd20602f2d7f720186dfd906e82b4982e1", size = 37286, upload-time = "2025-09-22T16:29:51.641Z" },
]

[[package]]
name = "wikitextparser"
version = "0.56.4"
source = { registry = "https://pypi.org/simple" }
dependencies = [
    { name = "regex" },
    { name = "wcwidth" },
]
sdist = { url = "https://files.pythonhosted.org/packages/a4/c4/10b8bbf098eea940253f25086ad4a770f4dc3fad6aefbe6514be68943aa7/wikitextparser-0.56.4.tar.gz", hash = "sha256:f13bca96cfc2fe85a7e98ec8fca9a819b468a95fe8c3e22418536f9673f0f757", size = 73640, upload-time = "2025-05-14T03:34:08.547Z" }
wheels = [
    { url = "https://files.pythonhosted.org/packages/0e/6a/9f4fa1b14449632e8adacb07410430222e5aab208ee5128607116b0fc1b6/wikitextparser-0.56.4-py3-none-any.whl", hash = "sha256:b81637c72c0df058b94de29bcdd21d8ca6dbefb0bb5fd6f07eb6da365c29cbb8", size = 66460, upload-time = "2025-05-14T03:34:04.006Z" },
]
